
Microsoft Visual Studio Solution File, Format Version 12.00
# Visual Studio Version 17
VisualStudioVersion = 17.0.32112.339
MinimumVisualStudioVersion = 10.0.40219.1
Project("{9A19103F-16F7-4668-BE54-9A1E7A4F7556}") = "Club 27", "Club 27\Club 27.csproj", "{F5DFB40B-7E20-4F9C-AD37-89937ABC7352}"
EndProject
Project("{FAE04EC0-301F-11D3-BF4B-00C04F79EFBC}") = "Club27.IntegrationTests", "..\Club-27.IntegrationTests\Club27.IntegrationTests\Club27.IntegrationTests.csproj", "{C476AE49-BAA8-4C41-BAA0-5E224FCCA3B3}"
EndProject
Global
	GlobalSection(SolutionConfigurationPlatforms) = preSolution
		Debug|Any CPU = Debug|Any CPU
		Release|Any CPU = Release|Any CPU
	EndGlobalSection
	GlobalSection(ProjectConfigurationPlatforms) = postSolution
		{F5DFB40B-7E20-4F9C-AD37-89937ABC7352}.Debug|Any CPU.ActiveCfg = Debug|Any CPU
		{F5DFB40B-7E20-4F9C-AD37-89937ABC7352}.Debug|Any CPU.Build.0 = Debug|Any CPU
		{F5DFB40B-7E20-4F9C-AD37-89937ABC7352}.Release|Any CPU.ActiveCfg = Release|Any CPU
		{F5DFB40B-7E20-4F9C-AD37-89937ABC7352}.Release|Any CPU.Build.0 = Release|Any CPU
		{C476AE49-BAA8-4C41-BAA0-5E224FCCA3B3}.Debug|Any CPU.ActiveCfg = Debug|Any CPU
		{C476AE49-BAA8-4C41-BAA0-5E224FCCA3B3}.Debug|Any CPU.Build.0 = Debug|Any CPU
		{C476AE49-BAA8-4C41-BAA0-5E224FCCA3B3}.Release|Any CPU.ActiveCfg = Release|Any CPU
		{C476AE49-BAA8-4C41-BAA0-5E224FCCA3B3}.Release|Any CPU.Build.0 = Release|Any CPU
	EndGlobalSection
	GlobalSection(SolutionProperties) = preSolution
		HideSolutionNode = FALSE
	EndGlobalSection
	GlobalSection(ExtensibilityGlobals) = postSolution
		SolutionGuid = {5B0F51F1-CA9D-45F2-8941-290E931787FD}
	EndGlobalSection
EndGlobal
